{
  "version": 4,
  "terraform_version": "1.12.2",
  "serial": 3,
  "lineage": "91fdc385-a8c9-4d51-589a-dbcc7e828f42",
  "outputs": {},
  "resources": [
    {
      "module": "module.law",
      "mode": "managed",
      "type": "azurerm_log_analytics_workspace",
      "name": "law",
      "provider": "provider[\"registry.terraform.io/hashicorp/azurerm\"]",
      "instances": [
        {
          "schema_version": 3,
          "attributes": {
            "allow_resource_only_permissions": true,
            "cmk_for_query_forced": false,
            "daily_quota_gb": -1,
            "data_collection_rule_id": "",
            "id": "/subscriptions/325754cd-a12c-48d9-921b-eb17c173bd01/resourceGroups/rg-dev/providers/Microsoft.OperationalInsights/workspaces/dev-workspace",
            "identity": [],
            "immediate_data_purge_on_30_days_enabled": false,
            "internet_ingestion_enabled": true,
            "internet_query_enabled": true,
            "local_authentication_disabled": true,
            "local_authentication_enabled": false,
            "location": "westeurope",
            "name": "dev-workspace",
            "primary_shared_key": "bTeQ2467Un8QjgENtDP1TucbxoGUMtVUA8vlQd0cFg+w+e/aBlY+R+zxVDcOiAoYleehJ98CkEj3Fvdbq03fEQ==",
            "reservation_capacity_in_gb_per_day": null,
            "resource_group_name": "rg-dev",
            "retention_in_days": 30,
            "secondary_shared_key": "0erhVjS8qCjZc1zPMOsZFlZAYD4RxN3xfaP1oxx4MqvJbJVL3sn0QDNMOmi/zPFDQFPC9Ed1zJf/G7owYalpFQ==",
            "sku": "PerGB2018",
            "tags": null,
            "timeouts": null,
            "workspace_id": "2b589171-d17c-48f5-8c75-b99d6fe4f4c1"
          },
          "sensitive_attributes": [
            [
              {
                "type": "get_attr",
                "value": "primary_shared_key"
              }
            ],
            [
              {
                "type": "get_attr",
                "value": "secondary_shared_key"
              }
            ]
          ],
          "identity_schema_version": 0,
          "private": "eyJlMmJmYjczMC1lY2FhLTExZTYtOGY4OC0zNDM2M2JjN2M0YzAiOnsiY3JlYXRlIjoxODAwMDAwMDAwMDAwLCJkZWxldGUiOjE4MDAwMDAwMDAwMDAsInJlYWQiOjMwMDAwMDAwMDAwMCwidXBkYXRlIjoxODAwMDAwMDAwMDAwfSwic2NoZW1hX3ZlcnNpb24iOiIzIn0=",
          "dependencies": [
            "module.rg.azurerm_resource_group.Resource_group"
          ]
        }
      ]
    },
    {
      "module": "module.rg",
      "mode": "managed",
      "type": "azurerm_resource_group",
      "name": "Resource_group",
      "provider": "provider[\"registry.terraform.io/hashicorp/azurerm\"]",
      "instances": [
        {
          "schema_version": 0,
          "attributes": {
            "id": "/subscriptions/325754cd-a12c-48d9-921b-eb17c173bd01/resourceGroups/rg-dev",
            "location": "centralus",
            "managed_by": "",
            "name": "rg-dev",
            "tags": null,
            "timeouts": null
          },
          "sensitive_attributes": [],
          "identity_schema_version": 0,
          "private": "eyJlMmJmYjczMC1lY2FhLTExZTYtOGY4OC0zNDM2M2JjN2M0YzAiOnsiY3JlYXRlIjo1NDAwMDAwMDAwMDAwLCJkZWxldGUiOjU0MDAwMDAwMDAwMDAsInJlYWQiOjMwMDAwMDAwMDAwMCwidXBkYXRlIjo1NDAwMDAwMDAwMDAwfX0="
        }
      ]
    }
  ],
  "check_results": null
}
